
Microsoft Visual Studio Solution File, Format Version 12.00
# Visual Studio 15
VisualStudioVersion = 15.0.28307.438
MinimumVisualStudioVersion = 10.0.40219.1
Project("{FAE04EC0-301F-11D3-BF4B-00C04F79EFBC}") = "UrlShortenerMVC", "UrlShortenerMVC\UrlShortenerMVC.csproj", "{E503BC27-3213-489B-A48D-B916A8363EFC}"
EndProject
Global
	GlobalSection(SolutionConfigurationPlatforms) = preSolution
		Debug|Any CPU = Debug|Any CPU
		Release|Any CPU = Release|Any CPU
	EndGlobalSection
	GlobalSection(ProjectConfigurationPlatforms) = postSolution
		{E503BC27-3213-489B-A48D-B916A8363EFC}.Debug|Any CPU.ActiveCfg = Debug|Any CPU
		{E503BC27-3213-489B-A48D-B916A8363EFC}.Debug|Any CPU.Build.0 = Debug|Any CPU
		{E503BC27-3213-489B-A48D-B916A8363EFC}.Release|Any CPU.ActiveCfg = Release|Any CPU
		{E503BC27-3213-489B-A48D-B916A8363EFC}.Release|Any CPU.Build.0 = Release|Any CPU
	EndGlobalSection
	GlobalSection(SolutionProperties) = preSolution
		HideSolutionNode = FALSE
	EndGlobalSection
	GlobalSection(ExtensibilityGlobals) = postSolution
		SolutionGuid = {8679C716-79B4-4578-875F-9AE7D315FE83}
	EndGlobalSection
EndGlobal
